
Microsoft Visual Studio Solution File, Format Version 12.00
# Visual Studio Version 17
VisualStudioVersion = 17.5.33516.290
MinimumVisualStudioVersion = 10.0.40219.1
Project("{9A19103F-16F7-4668-BE54-9A1E7A4F7556}") = "ProblemSolvingPractice", "ProblemSolvingPractice\ProblemSolvingPractice.csproj", "{AF693BA0-2FD8-4F30-8B56-9F48C69E7FE3}"
EndProject
Project("{FAE04EC0-301F-11D3-BF4B-00C04F79EFBC}") = "ProblemSolvingTests", "ProblemSolvingTests\ProblemSolvingTests.csproj", "{A91280E7-B8C5-4348-B9C3-42B232EF329D}"
EndProject
Global
	GlobalSection(SolutionConfigurationPlatforms) = preSolution
		Debug|Any CPU = Debug|Any CPU
		Release|Any CPU = Release|Any CPU
	EndGlobalSection
	GlobalSection(ProjectConfigurationPlatforms) = postSolution
		{AF693BA0-2FD8-4F30-8B56-9F48C69E7FE3}.Debug|Any CPU.ActiveCfg = Debug|Any CPU
		{AF693BA0-2FD8-4F30-8B56-9F48C69E7FE3}.Debug|Any CPU.Build.0 = Debug|Any CPU
		{AF693BA0-2FD8-4F30-8B56-9F48C69E7FE3}.Release|Any CPU.ActiveCfg = Release|Any CPU
		{AF693BA0-2FD8-4F30-8B56-9F48C69E7FE3}.Release|Any CPU.Build.0 = Release|Any CPU
		{A91280E7-B8C5-4348-B9C3-42B232EF329D}.Debug|Any CPU.ActiveCfg = Debug|Any CPU
		{A91280E7-B8C5-4348-B9C3-42B232EF329D}.Debug|Any CPU.Build.0 = Debug|Any CPU
		{A91280E7-B8C5-4348-B9C3-42B232EF329D}.Release|Any CPU.ActiveCfg = Release|Any CPU
		{A91280E7-B8C5-4348-B9C3-42B232EF329D}.Release|Any CPU.Build.0 = Release|Any CPU
	EndGlobalSection
	GlobalSection(SolutionProperties) = preSolution
		HideSolutionNode = FALSE
	EndGlobalSection
	GlobalSection(ExtensibilityGlobals) = postSolution
		SolutionGuid = {351006C1-1C62-48AC-9FD9-BC637FC8AAB7}
	EndGlobalSection
EndGlobal
